# This file is automatically @generated by Cargo.
# It is not intended for manual editing.
version = 3

[[package]]
name = "advent-of-code-2022"
version = "0.1.0"
dependencies = [
 "relative-path",
]

[[package]]
name = "relative-path"
version = "1.8.0"
source = "registry+https://github.com/rust-lang/crates.io-index"
checksum = "4bf2521270932c3c7bed1a59151222bd7643c79310f2916f01925e1e16255698"
